
Microsoft Visual Studio Solution File, Format Version 12.00
# Visual Studio Version 16
VisualStudioVersion = 16.0.30517.126
MinimumVisualStudioVersion = 10.0.40219.1
Project("{FAE04EC0-301F-11D3-BF4B-00C04F79EFBC}") = "PortalAcademy", "PortalAcademy.csproj", "{F54724B9-1275-4FBA-A49E-3894249F15AF}"
EndProject
Global
	GlobalSection(SolutionConfigurationPlatforms) = preSolution
		Debug|Any CPU = Debug|Any CPU
		Release|Any CPU = Release|Any CPU
	EndGlobalSection
	GlobalSection(ProjectConfigurationPlatforms) = postSolution
		{F54724B9-1275-4FBA-A49E-3894249F15AF}.Debug|Any CPU.ActiveCfg = Debug|Any CPU
		{F54724B9-1275-4FBA-A49E-3894249F15AF}.Debug|Any CPU.Build.0 = Debug|Any CPU
		{F54724B9-1275-4FBA-A49E-3894249F15AF}.Release|Any CPU.ActiveCfg = Release|Any CPU
		{F54724B9-1275-4FBA-A49E-3894249F15AF}.Release|Any CPU.Build.0 = Release|Any CPU
	EndGlobalSection
	GlobalSection(SolutionProperties) = preSolution
		HideSolutionNode = FALSE
	EndGlobalSection
	GlobalSection(ExtensibilityGlobals) = postSolution
		SolutionGuid = {2D9CCA54-AD0A-4FD2-94C0-B6C0E25F8951}
	EndGlobalSection
EndGlobal
